{
    "version": 3,
    "terraform_version": "0.11.11",
    "serial": 6,
    "lineage": "6ddeea94-7364-ba2c-7fb6-7f54c4366bfe",
    "modules": [
        {
            "path": [
                "root"
            ],
            "outputs": {},
            "resources": {
                "aws_eip.nat": {
                    "type": "aws_eip",
                    "depends_on": [],
                    "primary": {
                        "id": "eipalloc-07dcb74664b3d6f4e",
                        "attributes": {
                            "association_id": "eipassoc-799130a3",
                            "domain": "vpc",
                            "id": "eipalloc-07dcb74664b3d6f4e",
                            "instance": "",
                            "network_interface": "eni-08cc4b12c96fed97e",
                            "private_dns": "ip-172-20-10-77.us-west-1.compute.internal",
                            "private_ip": "172.20.10.77",
                            "public_dns": "ec2-13-52-66-9.us-west-1.compute.amazonaws.com",
                            "public_ip": "13.52.66.9",
                            "public_ipv4_pool": "amazon",
                            "tags.%": "0",
                            "vpc": "true"
                        },
                        "meta": {
                            "e2bfb730-ecaa-11e6-8f88-34363bc7c4c0": {
                                "delete": 180000000000,
                                "read": 900000000000,
                                "update": 300000000000
                            }
                        },
                        "tainted": false
                    },
                    "deposed": [],
                    "provider": "provider.aws"
                },
                "aws_eip.web-1": {
                    "type": "aws_eip",
                    "depends_on": [
                        "aws_instance.web-1"
                    ],
                    "primary": {
                        "id": "eipalloc-0a6d703594fb44a8b",
                        "attributes": {
                            "association_id": "eipassoc-08170e45fec87c3e7",
                            "domain": "vpc",
                            "id": "eipalloc-0a6d703594fb44a8b",
                            "instance": "i-02837a8e6c043dcfc",
                            "network_interface": "eni-0e304f4d6b8dbb591",
                            "private_dns": "ip-172-20-10-168.us-west-1.compute.internal",
                            "private_ip": "172.20.10.168",
                            "public_dns": "ec2-13-52-31-182.us-west-1.compute.amazonaws.com",
                            "public_ip": "13.52.31.182",
                            "public_ipv4_pool": "amazon",
                            "tags.%": "0",
                            "vpc": "true"
                        },
                        "meta": {
                            "e2bfb730-ecaa-11e6-8f88-34363bc7c4c0": {
                                "delete": 180000000000,
                                "read": 900000000000,
                                "update": 300000000000
                            }
                        },
                        "tainted": false
                    },
                    "deposed": [],
                    "provider": "provider.aws"
                },
                "aws_instance.db-1": {
                    "type": "aws_instance",
                    "depends_on": [
                        "aws_security_group.db",
                        "aws_subnet.us-west-1a-private"
                    ],
                    "primary": {
                        "id": "i-05451f400fbe2ed50",
                        "attributes": {
                            "ami": "ami-026e9e583bf07479b",
                            "arn": "arn:aws:ec2:us-west-1:377109993519:instance/i-05451f400fbe2ed50",
                            "associate_public_ip_address": "false",
                            "availability_zone": "us-west-1a",
                            "cpu_core_count": "1",
                            "cpu_threads_per_core": "1",
                            "credit_specification.#": "1",
                            "credit_specification.0.cpu_credits": "standard",
                            "disable_api_termination": "false",
                            "ebs_block_device.#": "0",
                            "ebs_optimized": "false",
                            "ephemeral_block_device.#": "0",
                            "get_password_data": "false",
                            "iam_instance_profile": "",
                            "id": "i-05451f400fbe2ed50",
                            "instance_state": "running",
                            "instance_type": "t2.micro",
                            "ipv6_address_count": "0",
                            "ipv6_addresses.#": "0",
                            "key_name": "swap12",
                            "monitoring": "false",
                            "network_interface.#": "0",
                            "password_data": "",
                            "placement_group": "",
                            "primary_network_interface_id": "eni-0708b259a95cfc35e",
                            "private_dns": "ip-172-20-20-105.us-west-1.compute.internal",
                            "private_ip": "172.20.20.105",
                            "public_dns": "",
                            "public_ip": "",
                            "root_block_device.#": "1",
                            "root_block_device.0.delete_on_termination": "true",
                            "root_block_device.0.iops": "100",
                            "root_block_device.0.volume_id": "vol-0ab8a15d68cfe5486",
                            "root_block_device.0.volume_size": "8",
                            "root_block_device.0.volume_type": "gp2",
                            "security_groups.#": "0",
                            "source_dest_check": "false",
                            "subnet_id": "subnet-0b1e24a4fafa4062e",
                            "tags.%": "1",
                            "tags.Name": "DB Server 1",
                            "tenancy": "default",
                            "volume_tags.%": "0",
                            "vpc_security_group_ids.#": "1",
                            "vpc_security_group_ids.1397797921": "sg-0bd7f68bb2e240958"
                        },
                        "meta": {
                            "e2bfb730-ecaa-11e6-8f88-34363bc7c4c0": {
                                "create": 600000000000,
                                "delete": 1200000000000,
                                "update": 600000000000
                            },
                            "schema_version": "1"
                        },
                        "tainted": false
                    },
                    "deposed": [],
                    "provider": "provider.aws"
                },
                "aws_instance.web-1": {
                    "type": "aws_instance",
                    "depends_on": [
                        "aws_security_group.web",
                        "aws_subnet.us-west-1a-public"
                    ],
                    "primary": {
                        "id": "i-02837a8e6c043dcfc",
                        "attributes": {
                            "ami": "ami-026e9e583bf07479b",
                            "arn": "arn:aws:ec2:us-west-1:377109993519:instance/i-02837a8e6c043dcfc",
                            "associate_public_ip_address": "true",
                            "availability_zone": "us-west-1a",
                            "cpu_core_count": "1",
                            "cpu_threads_per_core": "1",
                            "credit_specification.#": "1",
                            "credit_specification.0.cpu_credits": "standard",
                            "disable_api_termination": "false",
                            "ebs_block_device.#": "0",
                            "ebs_optimized": "false",
                            "ephemeral_block_device.#": "0",
                            "get_password_data": "false",
                            "iam_instance_profile": "",
                            "id": "i-02837a8e6c043dcfc",
                            "instance_state": "running",
                            "instance_type": "t2.micro",
                            "ipv6_address_count": "0",
                            "ipv6_addresses.#": "0",
                            "key_name": "swap12",
                            "monitoring": "false",
                            "network_interface.#": "0",
                            "password_data": "",
                            "placement_group": "",
                            "primary_network_interface_id": "eni-0e304f4d6b8dbb591",
                            "private_dns": "ip-172-20-10-168.us-west-1.compute.internal",
                            "private_ip": "172.20.10.168",
                            "public_dns": "ec2-54-215-235-151.us-west-1.compute.amazonaws.com",
                            "public_ip": "54.215.235.151",
                            "root_block_device.#": "1",
                            "root_block_device.0.delete_on_termination": "true",
                            "root_block_device.0.iops": "100",
                            "root_block_device.0.volume_id": "vol-008f62be747e0b3ad",
                            "root_block_device.0.volume_size": "8",
                            "root_block_device.0.volume_type": "gp2",
                            "security_groups.#": "0",
                            "source_dest_check": "false",
                            "subnet_id": "subnet-0eada445b6f9abcbd",
                            "tags.%": "1",
                            "tags.Name": "Web Server 1",
                            "tenancy": "default",
                            "volume_tags.%": "0",
                            "vpc_security_group_ids.#": "1",
                            "vpc_security_group_ids.4156571078": "sg-0e51a96b70748dcd7"
                        },
                        "meta": {
                            "e2bfb730-ecaa-11e6-8f88-34363bc7c4c0": {
                                "create": 600000000000,
                                "delete": 1200000000000,
                                "update": 600000000000
                            },
                            "schema_version": "1"
                        },
                        "tainted": false
                    },
                    "deposed": [],
                    "provider": "provider.aws"
                },
                "aws_internet_gateway.default": {
                    "type": "aws_internet_gateway",
                    "depends_on": [
                        "aws_vpc.default"
                    ],
                    "primary": {
                        "id": "igw-0af24ae7757a1e05f",
                        "attributes": {
                            "id": "igw-0af24ae7757a1e05f",
                            "owner_id": "377109993519",
                            "tags.%": "0",
                            "vpc_id": "vpc-0228e2d8767e10b5b"
                        },
                        "meta": {},
                        "tainted": false
                    },
                    "deposed": [],
                    "provider": "provider.aws"
                },
                "aws_nat_gateway.nat-gw": {
                    "type": "aws_nat_gateway",
                    "depends_on": [
                        "aws_eip.nat",
                        "aws_internet_gateway.default",
                        "aws_subnet.us-west-1a-public"
                    ],
                    "primary": {
                        "id": "nat-09fba205ba7dbdd72",
                        "attributes": {
                            "allocation_id": "eipalloc-07dcb74664b3d6f4e",
                            "id": "nat-09fba205ba7dbdd72",
                            "network_interface_id": "eni-08cc4b12c96fed97e",
                            "private_ip": "172.20.10.77",
                            "public_ip": "13.52.66.9",
                            "subnet_id": "subnet-0eada445b6f9abcbd",
                            "tags.%": "0"
                        },
                        "meta": {},
                        "tainted": false
                    },
                    "deposed": [],
                    "provider": "provider.aws"
                },
                "aws_route_table.us-west-1a-private": {
                    "type": "aws_route_table",
                    "depends_on": [
                        "aws_nat_gateway.nat-gw",
                        "aws_vpc.default"
                    ],
                    "primary": {
                        "id": "rtb-05d1a7127e4fad405",
                        "attributes": {
                            "id": "rtb-05d1a7127e4fad405",
                            "owner_id": "377109993519",
                            "propagating_vgws.#": "0",
                            "route.#": "1",
                            "route.72853116.cidr_block": "0.0.0.0/0",
                            "route.72853116.egress_only_gateway_id": "",
                            "route.72853116.gateway_id": "",
                            "route.72853116.instance_id": "",
                            "route.72853116.ipv6_cidr_block": "",
                            "route.72853116.nat_gateway_id": "nat-09fba205ba7dbdd72",
                            "route.72853116.network_interface_id": "",
                            "route.72853116.transit_gateway_id": "",
                            "route.72853116.vpc_peering_connection_id": "",
                            "tags.%": "1",
                            "tags.Name": "Private Subnet",
                            "vpc_id": "vpc-0228e2d8767e10b5b"
                        },
                        "meta": {},
                        "tainted": false
                    },
                    "deposed": [],
                    "provider": "provider.aws"
                },
                "aws_route_table.us-west-1a-public": {
                    "type": "aws_route_table",
                    "depends_on": [
                        "aws_internet_gateway.default",
                        "aws_vpc.default"
                    ],
                    "primary": {
                        "id": "rtb-0872797b78c5c0217",
                        "attributes": {
                            "id": "rtb-0872797b78c5c0217",
                            "owner_id": "377109993519",
                            "propagating_vgws.#": "0",
                            "route.#": "1",
                            "route.4057334960.cidr_block": "0.0.0.0/0",
                            "route.4057334960.egress_only_gateway_id": "",
                            "route.4057334960.gateway_id": "igw-0af24ae7757a1e05f",
                            "route.4057334960.instance_id": "",
                            "route.4057334960.ipv6_cidr_block": "",
                            "route.4057334960.nat_gateway_id": "",
                            "route.4057334960.network_interface_id": "",
                            "route.4057334960.transit_gateway_id": "",
                            "route.4057334960.vpc_peering_connection_id": "",
                            "tags.%": "1",
                            "tags.Name": "Public Subnet",
                            "vpc_id": "vpc-0228e2d8767e10b5b"
                        },
                        "meta": {},
                        "tainted": false
                    },
                    "deposed": [],
                    "provider": "provider.aws"
                },
                "aws_route_table_association.us-west-1a-private": {
                    "type": "aws_route_table_association",
                    "depends_on": [
                        "aws_route_table.us-west-1a-private",
                        "aws_subnet.us-west-1a-private"
                    ],
                    "primary": {
                        "id": "rtbassoc-04d9966546479540e",
                        "attributes": {
                            "id": "rtbassoc-04d9966546479540e",
                            "route_table_id": "rtb-05d1a7127e4fad405",
                            "subnet_id": "subnet-0b1e24a4fafa4062e"
                        },
                        "meta": {},
                        "tainted": false
                    },
                    "deposed": [],
                    "provider": "provider.aws"
                },
                "aws_route_table_association.us-west-1a-public": {
                    "type": "aws_route_table_association",
                    "depends_on": [
                        "aws_route_table.us-west-1a-public",
                        "aws_subnet.us-west-1a-public"
                    ],
                    "primary": {
                        "id": "rtbassoc-0764b73f5d0f237a5",
                        "attributes": {
                            "id": "rtbassoc-0764b73f5d0f237a5",
                            "route_table_id": "rtb-0872797b78c5c0217",
                            "subnet_id": "subnet-0eada445b6f9abcbd"
                        },
                        "meta": {},
                        "tainted": false
                    },
                    "deposed": [],
                    "provider": "provider.aws"
                },
                "aws_security_group.db": {
                    "type": "aws_security_group",
                    "depends_on": [
                        "aws_security_group.web",
                        "aws_vpc.default"
                    ],
                    "primary": {
                        "id": "sg-0bd7f68bb2e240958",
                        "attributes": {
                            "arn": "arn:aws:ec2:us-west-1:377109993519:security-group/sg-0bd7f68bb2e240958",
                            "description": "Allow incoming database connections.",
                            "egress.#": "2",
                            "egress.2214680975.cidr_blocks.#": "1",
                            "egress.2214680975.cidr_blocks.0": "0.0.0.0/0",
                            "egress.2214680975.description": "",
                            "egress.2214680975.from_port": "80",
                            "egress.2214680975.ipv6_cidr_blocks.#": "0",
                            "egress.2214680975.prefix_list_ids.#": "0",
                            "egress.2214680975.protocol": "tcp",
                            "egress.2214680975.security_groups.#": "0",
                            "egress.2214680975.self": "false",
                            "egress.2214680975.to_port": "80",
                            "egress.2617001939.cidr_blocks.#": "1",
                            "egress.2617001939.cidr_blocks.0": "0.0.0.0/0",
                            "egress.2617001939.description": "",
                            "egress.2617001939.from_port": "443",
                            "egress.2617001939.ipv6_cidr_blocks.#": "0",
                            "egress.2617001939.prefix_list_ids.#": "0",
                            "egress.2617001939.protocol": "tcp",
                            "egress.2617001939.security_groups.#": "0",
                            "egress.2617001939.self": "false",
                            "egress.2617001939.to_port": "443",
                            "id": "sg-0bd7f68bb2e240958",
                            "ingress.#": "4",
                            "ingress.1355964543.cidr_blocks.#": "0",
                            "ingress.1355964543.description": "",
                            "ingress.1355964543.from_port": "3306",
                            "ingress.1355964543.ipv6_cidr_blocks.#": "0",
                            "ingress.1355964543.prefix_list_ids.#": "0",
                            "ingress.1355964543.protocol": "tcp",
                            "ingress.1355964543.security_groups.#": "1",
                            "ingress.1355964543.security_groups.4156571078": "sg-0e51a96b70748dcd7",
                            "ingress.1355964543.self": "false",
                            "ingress.1355964543.to_port": "3306",
                            "ingress.3598011084.cidr_blocks.#": "0",
                            "ingress.3598011084.description": "",
                            "ingress.3598011084.from_port": "1433",
                            "ingress.3598011084.ipv6_cidr_blocks.#": "0",
                            "ingress.3598011084.prefix_list_ids.#": "0",
                            "ingress.3598011084.protocol": "tcp",
                            "ingress.3598011084.security_groups.#": "1",
                            "ingress.3598011084.security_groups.4156571078": "sg-0e51a96b70748dcd7",
                            "ingress.3598011084.self": "false",
                            "ingress.3598011084.to_port": "1433",
                            "ingress.3805561636.cidr_blocks.#": "1",
                            "ingress.3805561636.cidr_blocks.0": "172.20.0.0/16",
                            "ingress.3805561636.description": "",
                            "ingress.3805561636.from_port": "22",
                            "ingress.3805561636.ipv6_cidr_blocks.#": "0",
                            "ingress.3805561636.prefix_list_ids.#": "0",
                            "ingress.3805561636.protocol": "tcp",
                            "ingress.3805561636.security_groups.#": "0",
                            "ingress.3805561636.self": "false",
                            "ingress.3805561636.to_port": "22",
                            "ingress.662514794.cidr_blocks.#": "1",
                            "ingress.662514794.cidr_blocks.0": "172.20.0.0/16",
                            "ingress.662514794.description": "",
                            "ingress.662514794.from_port": "-1",
                            "ingress.662514794.ipv6_cidr_blocks.#": "0",
                            "ingress.662514794.prefix_list_ids.#": "0",
                            "ingress.662514794.protocol": "icmp",
                            "ingress.662514794.security_groups.#": "0",
                            "ingress.662514794.self": "false",
                            "ingress.662514794.to_port": "-1",
                            "name": "vpc_db",
                            "owner_id": "377109993519",
                            "revoke_rules_on_delete": "false",
                            "tags.%": "1",
                            "tags.Name": "DBServerSG",
                            "vpc_id": "vpc-0228e2d8767e10b5b"
                        },
                        "meta": {
                            "e2bfb730-ecaa-11e6-8f88-34363bc7c4c0": {
                                "create": 600000000000,
                                "delete": 600000000000
                            },
                            "schema_version": "1"
                        },
                        "tainted": false
                    },
                    "deposed": [],
                    "provider": "provider.aws"
                },
                "aws_security_group.web": {
                    "type": "aws_security_group",
                    "depends_on": [
                        "aws_vpc.default"
                    ],
                    "primary": {
                        "id": "sg-0e51a96b70748dcd7",
                        "attributes": {
                            "arn": "arn:aws:ec2:us-west-1:377109993519:security-group/sg-0e51a96b70748dcd7",
                            "description": "Allow incoming HTTP connections.",
                            "egress.#": "2",
                            "egress.2136695957.cidr_blocks.#": "1",
                            "egress.2136695957.cidr_blocks.0": "172.20.20.0/24",
                            "egress.2136695957.description": "",
                            "egress.2136695957.from_port": "1433",
                            "egress.2136695957.ipv6_cidr_blocks.#": "0",
                            "egress.2136695957.prefix_list_ids.#": "0",
                            "egress.2136695957.protocol": "tcp",
                            "egress.2136695957.security_groups.#": "0",
                            "egress.2136695957.self": "false",
                            "egress.2136695957.to_port": "1433",
                            "egress.2557144285.cidr_blocks.#": "1",
                            "egress.2557144285.cidr_blocks.0": "172.20.20.0/24",
                            "egress.2557144285.description": "",
                            "egress.2557144285.from_port": "3306",
                            "egress.2557144285.ipv6_cidr_blocks.#": "0",
                            "egress.2557144285.prefix_list_ids.#": "0",
                            "egress.2557144285.protocol": "tcp",
                            "egress.2557144285.security_groups.#": "0",
                            "egress.2557144285.self": "false",
                            "egress.2557144285.to_port": "3306",
                            "id": "sg-0e51a96b70748dcd7",
                            "ingress.#": "3",
                            "ingress.1799340084.cidr_blocks.#": "1",
                            "ingress.1799340084.cidr_blocks.0": "0.0.0.0/0",
                            "ingress.1799340084.description": "",
                            "ingress.1799340084.from_port": "-1",
                            "ingress.1799340084.ipv6_cidr_blocks.#": "0",
                            "ingress.1799340084.prefix_list_ids.#": "0",
                            "ingress.1799340084.protocol": "icmp",
                            "ingress.1799340084.security_groups.#": "0",
                            "ingress.1799340084.self": "false",
                            "ingress.1799340084.to_port": "-1",
                            "ingress.2214680975.cidr_blocks.#": "1",
                            "ingress.2214680975.cidr_blocks.0": "0.0.0.0/0",
                            "ingress.2214680975.description": "",
                            "ingress.2214680975.from_port": "80",
                            "ingress.2214680975.ipv6_cidr_blocks.#": "0",
                            "ingress.2214680975.prefix_list_ids.#": "0",
                            "ingress.2214680975.protocol": "tcp",
                            "ingress.2214680975.security_groups.#": "0",
                            "ingress.2214680975.self": "false",
                            "ingress.2214680975.to_port": "80",
                            "ingress.2617001939.cidr_blocks.#": "1",
                            "ingress.2617001939.cidr_blocks.0": "0.0.0.0/0",
                            "ingress.2617001939.description": "",
                            "ingress.2617001939.from_port": "443",
                            "ingress.2617001939.ipv6_cidr_blocks.#": "0",
                            "ingress.2617001939.prefix_list_ids.#": "0",
                            "ingress.2617001939.protocol": "tcp",
                            "ingress.2617001939.security_groups.#": "0",
                            "ingress.2617001939.self": "false",
                            "ingress.2617001939.to_port": "443",
                            "name": "vpc_web",
                            "owner_id": "377109993519",
                            "revoke_rules_on_delete": "false",
                            "tags.%": "1",
                            "tags.Name": "WebServerSG",
                            "vpc_id": "vpc-0228e2d8767e10b5b"
                        },
                        "meta": {
                            "e2bfb730-ecaa-11e6-8f88-34363bc7c4c0": {
                                "create": 600000000000,
                                "delete": 600000000000
                            },
                            "schema_version": "1"
                        },
                        "tainted": false
                    },
                    "deposed": [],
                    "provider": "provider.aws"
                },
                "aws_subnet.us-west-1a-private": {
                    "type": "aws_subnet",
                    "depends_on": [
                        "aws_vpc.default"
                    ],
                    "primary": {
                        "id": "subnet-0b1e24a4fafa4062e",
                        "attributes": {
                            "arn": "arn:aws:ec2:us-west-1:377109993519:subnet/subnet-0b1e24a4fafa4062e",
                            "assign_ipv6_address_on_creation": "false",
                            "availability_zone": "us-west-1a",
                            "availability_zone_id": "usw1-az3",
                            "cidr_block": "172.20.20.0/24",
                            "id": "subnet-0b1e24a4fafa4062e",
                            "ipv6_cidr_block": "",
                            "ipv6_cidr_block_association_id": "",
                            "map_public_ip_on_launch": "false",
                            "owner_id": "377109993519",
                            "tags.%": "1",
                            "tags.Name": "Private Subnet",
                            "vpc_id": "vpc-0228e2d8767e10b5b"
                        },
                        "meta": {
                            "e2bfb730-ecaa-11e6-8f88-34363bc7c4c0": {
                                "create": 600000000000,
                                "delete": 1200000000000
                            },
                            "schema_version": "1"
                        },
                        "tainted": false
                    },
                    "deposed": [],
                    "provider": "provider.aws"
                },
                "aws_subnet.us-west-1a-public": {
                    "type": "aws_subnet",
                    "depends_on": [
                        "aws_vpc.default"
                    ],
                    "primary": {
                        "id": "subnet-0eada445b6f9abcbd",
                        "attributes": {
                            "arn": "arn:aws:ec2:us-west-1:377109993519:subnet/subnet-0eada445b6f9abcbd",
                            "assign_ipv6_address_on_creation": "false",
                            "availability_zone": "us-west-1a",
                            "availability_zone_id": "usw1-az3",
                            "cidr_block": "172.20.10.0/24",
                            "id": "subnet-0eada445b6f9abcbd",
                            "ipv6_cidr_block": "",
                            "ipv6_cidr_block_association_id": "",
                            "map_public_ip_on_launch": "false",
                            "owner_id": "377109993519",
                            "tags.%": "1",
                            "tags.Name": "Public Subnet",
                            "vpc_id": "vpc-0228e2d8767e10b5b"
                        },
                        "meta": {
                            "e2bfb730-ecaa-11e6-8f88-34363bc7c4c0": {
                                "create": 600000000000,
                                "delete": 1200000000000
                            },
                            "schema_version": "1"
                        },
                        "tainted": false
                    },
                    "deposed": [],
                    "provider": "provider.aws"
                },
                "aws_vpc.default": {
                    "type": "aws_vpc",
                    "depends_on": [],
                    "primary": {
                        "id": "vpc-0228e2d8767e10b5b",
                        "attributes": {
                            "arn": "arn:aws:ec2:us-west-1:377109993519:vpc/vpc-0228e2d8767e10b5b",
                            "assign_generated_ipv6_cidr_block": "false",
                            "cidr_block": "172.20.0.0/16",
                            "default_network_acl_id": "acl-0c518edbc4b08a53f",
                            "default_route_table_id": "rtb-08d1f04167210f8e9",
                            "default_security_group_id": "sg-0d8ab237e7c0aac8e",
                            "dhcp_options_id": "dopt-d0c0e7b7",
                            "enable_classiclink": "false",
                            "enable_classiclink_dns_support": "false",
                            "enable_dns_hostnames": "true",
                            "enable_dns_support": "true",
                            "id": "vpc-0228e2d8767e10b5b",
                            "instance_tenancy": "default",
                            "ipv6_association_id": "",
                            "ipv6_cidr_block": "",
                            "main_route_table_id": "rtb-08d1f04167210f8e9",
                            "owner_id": "377109993519",
                            "tags.%": "1",
                            "tags.Name": "terraform-aws-vpc"
                        },
                        "meta": {
                            "schema_version": "1"
                        },
                        "tainted": false
                    },
                    "deposed": [],
                    "provider": "provider.aws"
                }
            },
            "depends_on": []
        }
    ]
}
